{
  "name": ".opencode",
  "lockfileVersion": 3,
  "requires": true,
  "packages": {
    "": {
      "dependencies": {
        "@fdi/h-chat-anthropic": "^1.0.0",
        "@fdi/h-chat-google": "^1.0.0",
        "@fdi/h-chat-openai": "^1.0.0",
        "@opencode-ai/plugin": "1.1.48"
      }
    },
    "node_modules/@ai-sdk/provider": {
      "version": "3.0.2",
      "resolved": "https://registry.npmjs.org/@ai-sdk/provider/-/provider-3.0.2.tgz",
      "integrity": "sha512-HrEmNt/BH/hkQ7zpi2o6N3k1ZR1QTb7z85WYhYygiTxOQuaml4CMtHCWRbric5WPU+RNsYI7r1EpyVQMKO1pYw==",
      "license": "Apache-2.0",
      "dependencies": {
        "json-schema": "^0.4.0"
      },
      "engines": {
        "node": ">=18"
      }
    },
    "node_modules/@ai-sdk/provider-utils": {
      "version": "4.0.4",
      "resolved": "https://registry.npmjs.org/@ai-sdk/provider-utils/-/provider-utils-4.0.4.tgz",
      "integrity": "sha512-VxhX0B/dWGbpNHxrKCWUAJKXIXV015J4e7qYjdIU9lLWeptk0KMLGcqkB4wFxff5Njqur8dt8wRi1MN9lZtDqg==",
      "license": "Apache-2.0",
      "dependencies": {
        "@ai-sdk/provider": "3.0.2",
        "@standard-schema/spec": "^1.1.0",
        "eventsource-parser": "^3.0.6"
      },
      "engines": {
        "node": ">=18"
      },
      "peerDependencies": {
        "zod": "^3.25.76 || ^4.1.8"
      }
    },
    "node_modules/@fdi/h-chat-anthropic": {
      "version": "1.0.0",
      "resolved": "https://nexus.hmc.co.kr/repository/npm-fdi/@fdi/h-chat-anthropic/-/h-chat-anthropic-1.0.0.tgz",
      "integrity": "sha512-L+mo48P2JeMC+bTe7Qz7Mat6PeJSEo1KOIy2aKd56zRAXcGLwHwpIxW3wfpWG363XmbYVWm3hHXSKjXFfYYNew==",
      "license": "MIT",
      "dependencies": {
        "@ai-sdk/provider": "3.0.2",
        "@ai-sdk/provider-utils": "4.0.4"
      },
      "engines": {
        "node": ">=18"
      },
      "peerDependencies": {
        "zod": "^3.25.76"
      }
    },
    "node_modules/@fdi/h-chat-google": {
      "version": "1.0.0",
      "resolved": "https://nexus.hmc.co.kr/repository/npm-fdi/@fdi/h-chat-google/-/h-chat-google-1.0.0.tgz",
      "integrity": "sha512-bGuS1UUvBenAx2l/V6RZ58n5CzsqkEVKTzs9UJz6OPPiw7PLx4OzQeK09NaDdSqAmh+sSvtEHLwDv0u0J9taIg==",
      "license": "MIT",
      "dependencies": {
        "@ai-sdk/provider": "3.0.2",
        "@ai-sdk/provider-utils": "4.0.4"
      },
      "engines": {
        "node": ">=18"
      },
      "peerDependencies": {
        "zod": "^3.25.76"
      }
    },
    "node_modules/@fdi/h-chat-openai": {
      "version": "1.0.0",
      "resolved": "https://nexus.hmc.co.kr/repository/npm-fdi/@fdi/h-chat-openai/-/h-chat-openai-1.0.0.tgz",
      "integrity": "sha512-6T2pGh+/ALUgjqE1U3th1+oyw+fG4Fa52T5aimsWPUZcULDhiWl87SMUJ3hWEVj72XKTULPh9NqYZItN14c17w==",
      "license": "MIT",
      "dependencies": {
        "@ai-sdk/provider": "3.0.2",
        "@ai-sdk/provider-utils": "4.0.4"
      },
      "engines": {
        "node": ">=18"
      },
      "peerDependencies": {
        "zod": "^3.25.76"
      }
    },
    "node_modules/@opencode-ai/plugin": {
      "version": "1.1.48",
      "license": "MIT",
      "dependencies": {
        "@opencode-ai/sdk": "1.1.48",
        "zod": "4.1.8"
      }
    },
    "node_modules/@opencode-ai/plugin/node_modules/zod": {
      "version": "4.1.8",
      "resolved": "https://registry.npmjs.org/zod/-/zod-4.1.8.tgz",
      "integrity": "sha512-5R1P+WwQqmmMIEACyzSvo4JXHY5WiAFHRMg+zBZKgKS+Q1viRa0C1hmUKtHltoIFKtIdki3pRxkmpP74jnNYHQ==",
      "license": "MIT",
      "funding": {
        "url": "https://github.com/sponsors/colinhacks"
      }
    },
    "node_modules/@opencode-ai/sdk": {
      "version": "1.1.48",
      "license": "MIT"
    },
    "node_modules/@standard-schema/spec": {
      "version": "1.1.0",
      "resolved": "https://registry.npmjs.org/@standard-schema/spec/-/spec-1.1.0.tgz",
      "integrity": "sha512-l2aFy5jALhniG5HgqrD6jXLi/rUWrKvqN/qJx6yoJsgKhblVd+iqqU4RCXavm/jPityDo5TCvKMnpjKnOriy0w==",
      "license": "MIT"
    },
    "node_modules/eventsource-parser": {
      "version": "3.0.6",
      "resolved": "https://registry.npmjs.org/eventsource-parser/-/eventsource-parser-3.0.6.tgz",
      "integrity": "sha512-Vo1ab+QXPzZ4tCa8SwIHJFaSzy4R6SHf7BY79rFBDf0idraZWAkYrDjDj8uWaSm3S2TK+hJ7/t1CEmZ7jXw+pg==",
      "license": "MIT",
      "engines": {
        "node": ">=18.0.0"
      }
    },
    "node_modules/json-schema": {
      "version": "0.4.0",
      "resolved": "https://registry.npmjs.org/json-schema/-/json-schema-0.4.0.tgz",
      "integrity": "sha512-es94M3nTIfsEPisRafak+HDLfHXnKBhV3vU5eqPcS3flIWqcxJWgXHXiey3YrpaNsanY5ei1VoYEbOzijuq9BA==",
      "license": "(AFL-2.1 OR BSD-3-Clause)"
    },
    "node_modules/zod": {
      "version": "3.25.76",
      "resolved": "https://registry.npmjs.org/zod/-/zod-3.25.76.tgz",
      "integrity": "sha512-gzUt/qt81nXsFGKIFcC3YnfEAx5NkunCfnDlvuBSSFS02bcXu4Lmea0AFIUwbLWxWPx3d9p8S5QoaujKcNQxcQ==",
      "license": "MIT",
      "peer": true,
      "funding": {
        "url": "https://github.com/sponsors/colinhacks"
      }
    }
  }
}
